
Microsoft Visual Studio Solution File, Format Version 12.00
# Visual Studio Version 17
VisualStudioVersion = 17.7.34024.191
MinimumVisualStudioVersion = 10.0.40219.1
Project("{9A19103F-16F7-4668-BE54-9A1E7A4F7556}") = "GSqlQuery.Runner", "src\GSqlQuery.Runner\GSqlQuery.Runner.csproj", "{34DD931E-2A04-4B42-BF96-6A306A98A1DD}"
EndProject
Project("{9A19103F-16F7-4668-BE54-9A1E7A4F7556}") = "GSqlQuery.Runner.Test", "test\GSqlQuery.Runner.Test\GSqlQuery.Runner.Test.csproj", "{6DEC83C5-874E-49D6-86CB-3594B870D2DB}"
EndProject
Global
	GlobalSection(SolutionConfigurationPlatforms) = preSolution
		Debug|Any CPU = Debug|Any CPU
		Release|Any CPU = Release|Any CPU
	EndGlobalSection
	GlobalSection(ProjectConfigurationPlatforms) = postSolution
		{34DD931E-2A04-4B42-BF96-6A306A98A1DD}.Debug|Any CPU.ActiveCfg = Debug|Any CPU
		{34DD931E-2A04-4B42-BF96-6A306A98A1DD}.Debug|Any CPU.Build.0 = Debug|Any CPU
		{34DD931E-2A04-4B42-BF96-6A306A98A1DD}.Release|Any CPU.ActiveCfg = Release|Any CPU
		{34DD931E-2A04-4B42-BF96-6A306A98A1DD}.Release|Any CPU.Build.0 = Release|Any CPU
		{6DEC83C5-874E-49D6-86CB-3594B870D2DB}.Debug|Any CPU.ActiveCfg = Debug|Any CPU
		{6DEC83C5-874E-49D6-86CB-3594B870D2DB}.Debug|Any CPU.Build.0 = Debug|Any CPU
		{6DEC83C5-874E-49D6-86CB-3594B870D2DB}.Release|Any CPU.ActiveCfg = Release|Any CPU
		{6DEC83C5-874E-49D6-86CB-3594B870D2DB}.Release|Any CPU.Build.0 = Release|Any CPU
	EndGlobalSection
	GlobalSection(SolutionProperties) = preSolution
		HideSolutionNode = FALSE
	EndGlobalSection
	GlobalSection(ExtensibilityGlobals) = postSolution
		SolutionGuid = {2B9DBBF4-D383-456A-82CD-5275A5E23DA3}
	EndGlobalSection
EndGlobal
